
Microsoft Visual Studio Solution File, Format Version 12.00
# Visual Studio Version 17
VisualStudioVersion = 17.14.36221.1 d17.14
MinimumVisualStudioVersion = 10.0.40219.1
Project("{FAE04EC0-301F-11D3-BF4B-00C04F79EFBC}") = "Delegates", "Delegates.csproj", "{DAD08EF4-85A9-4286-90C3-0DFAAA2340DF}"
EndProject
Global
	GlobalSection(SolutionConfigurationPlatforms) = preSolution
		Debug|Any CPU = Debug|Any CPU
		Release|Any CPU = Release|Any CPU
	EndGlobalSection
	GlobalSection(ProjectConfigurationPlatforms) = postSolution
		{DAD08EF4-85A9-4286-90C3-0DFAAA2340DF}.Debug|Any CPU.ActiveCfg = Debug|Any CPU
		{DAD08EF4-85A9-4286-90C3-0DFAAA2340DF}.Debug|Any CPU.Build.0 = Debug|Any CPU
		{DAD08EF4-85A9-4286-90C3-0DFAAA2340DF}.Release|Any CPU.ActiveCfg = Release|Any CPU
		{DAD08EF4-85A9-4286-90C3-0DFAAA2340DF}.Release|Any CPU.Build.0 = Release|Any CPU
	EndGlobalSection
	GlobalSection(SolutionProperties) = preSolution
		HideSolutionNode = FALSE
	EndGlobalSection
	GlobalSection(ExtensibilityGlobals) = postSolution
		SolutionGuid = {54ECB842-06F3-4612-93EF-739A34770DF8}
	EndGlobalSection
EndGlobal
