
Microsoft Visual Studio Solution File, Format Version 12.00
# Visual Studio Version 17
VisualStudioVersion = 17.14.36221.1 d17.14
MinimumVisualStudioVersion = 10.0.40219.1
Project("{FAE04EC0-301F-11D3-BF4B-00C04F79EFBC}") = "ExampleStringBuilder", "ExampleStringBuilder.csproj", "{59389AB4-D8FC-4CBD-AD36-1B7067E3E23A}"
EndProject
Global
	GlobalSection(SolutionConfigurationPlatforms) = preSolution
		Debug|Any CPU = Debug|Any CPU
		Release|Any CPU = Release|Any CPU
	EndGlobalSection
	GlobalSection(ProjectConfigurationPlatforms) = postSolution
		{59389AB4-D8FC-4CBD-AD36-1B7067E3E23A}.Debug|Any CPU.ActiveCfg = Debug|Any CPU
		{59389AB4-D8FC-4CBD-AD36-1B7067E3E23A}.Debug|Any CPU.Build.0 = Debug|Any CPU
		{59389AB4-D8FC-4CBD-AD36-1B7067E3E23A}.Release|Any CPU.ActiveCfg = Release|Any CPU
		{59389AB4-D8FC-4CBD-AD36-1B7067E3E23A}.Release|Any CPU.Build.0 = Release|Any CPU
	EndGlobalSection
	GlobalSection(SolutionProperties) = preSolution
		HideSolutionNode = FALSE
	EndGlobalSection
	GlobalSection(ExtensibilityGlobals) = postSolution
		SolutionGuid = {CD65DB6C-5542-490A-A95D-86F3152D2CA0}
	EndGlobalSection
EndGlobal
