
Microsoft Visual Studio Solution File, Format Version 12.00
# Visual Studio Version 17
VisualStudioVersion = 17.14.36221.1 d17.14
MinimumVisualStudioVersion = 10.0.40219.1
Project("{FAE04EC0-301F-11D3-BF4B-00C04F79EFBC}") = "TestOptimizePerformance", "TestOptimizePerformance.csproj", "{8A98BB9C-21EC-4C4D-8A83-D7377DE96BB8}"
EndProject
Global
	GlobalSection(SolutionConfigurationPlatforms) = preSolution
		Debug|Any CPU = Debug|Any CPU
		Release|Any CPU = Release|Any CPU
	EndGlobalSection
	GlobalSection(ProjectConfigurationPlatforms) = postSolution
		{8A98BB9C-21EC-4C4D-8A83-D7377DE96BB8}.Debug|Any CPU.ActiveCfg = Debug|Any CPU
		{8A98BB9C-21EC-4C4D-8A83-D7377DE96BB8}.Debug|Any CPU.Build.0 = Debug|Any CPU
		{8A98BB9C-21EC-4C4D-8A83-D7377DE96BB8}.Release|Any CPU.ActiveCfg = Release|Any CPU
		{8A98BB9C-21EC-4C4D-8A83-D7377DE96BB8}.Release|Any CPU.Build.0 = Release|Any CPU
	EndGlobalSection
	GlobalSection(SolutionProperties) = preSolution
		HideSolutionNode = FALSE
	EndGlobalSection
	GlobalSection(ExtensibilityGlobals) = postSolution
		SolutionGuid = {3CBCEC49-180E-4910-AA18-596221351C32}
	EndGlobalSection
EndGlobal
