
Microsoft Visual Studio Solution File, Format Version 12.00
# Visual Studio Version 17
VisualStudioVersion = 17.14.36221.1 d17.14
MinimumVisualStudioVersion = 10.0.40219.1
Project("{FAE04EC0-301F-11D3-BF4B-00C04F79EFBC}") = "Conditions&Loops Structure", "Conditions&Loops Structure.csproj", "{7283B9DC-0AB4-4FDB-8141-A413C71F3843}"
EndProject
Global
	GlobalSection(SolutionConfigurationPlatforms) = preSolution
		Debug|Any CPU = Debug|Any CPU
		Release|Any CPU = Release|Any CPU
	EndGlobalSection
	GlobalSection(ProjectConfigurationPlatforms) = postSolution
		{7283B9DC-0AB4-4FDB-8141-A413C71F3843}.Debug|Any CPU.ActiveCfg = Debug|Any CPU
		{7283B9DC-0AB4-4FDB-8141-A413C71F3843}.Debug|Any CPU.Build.0 = Debug|Any CPU
		{7283B9DC-0AB4-4FDB-8141-A413C71F3843}.Release|Any CPU.ActiveCfg = Release|Any CPU
		{7283B9DC-0AB4-4FDB-8141-A413C71F3843}.Release|Any CPU.Build.0 = Release|Any CPU
	EndGlobalSection
	GlobalSection(SolutionProperties) = preSolution
		HideSolutionNode = FALSE
	EndGlobalSection
	GlobalSection(ExtensibilityGlobals) = postSolution
		SolutionGuid = {2D51BDD5-6340-4238-A3E2-EF41F92C1804}
	EndGlobalSection
EndGlobal
