
Microsoft Visual Studio Solution File, Format Version 12.00
# Visual Studio Version 17
VisualStudioVersion = 17.14.36221.1 d17.14
MinimumVisualStudioVersion = 10.0.40219.1
Project("{FAE04EC0-301F-11D3-BF4B-00C04F79EFBC}") = "ExampleString", "ExampleString.csproj", "{313BB3FD-2020-4E60-A0FD-3782E62CDD62}"
EndProject
Global
	GlobalSection(SolutionConfigurationPlatforms) = preSolution
		Debug|Any CPU = Debug|Any CPU
		Release|Any CPU = Release|Any CPU
	EndGlobalSection
	GlobalSection(ProjectConfigurationPlatforms) = postSolution
		{313BB3FD-2020-4E60-A0FD-3782E62CDD62}.Debug|Any CPU.ActiveCfg = Debug|Any CPU
		{313BB3FD-2020-4E60-A0FD-3782E62CDD62}.Debug|Any CPU.Build.0 = Debug|Any CPU
		{313BB3FD-2020-4E60-A0FD-3782E62CDD62}.Release|Any CPU.ActiveCfg = Release|Any CPU
		{313BB3FD-2020-4E60-A0FD-3782E62CDD62}.Release|Any CPU.Build.0 = Release|Any CPU
	EndGlobalSection
	GlobalSection(SolutionProperties) = preSolution
		HideSolutionNode = FALSE
	EndGlobalSection
	GlobalSection(ExtensibilityGlobals) = postSolution
		SolutionGuid = {1A3AFC3D-5A96-4FEF-A1F9-F7A334CB8264}
	EndGlobalSection
EndGlobal
