
Microsoft Visual Studio Solution File, Format Version 12.00
# Visual Studio Version 17
VisualStudioVersion = 17.14.36221.1 d17.14
MinimumVisualStudioVersion = 10.0.40219.1
Project("{FAE04EC0-301F-11D3-BF4B-00C04F79EFBC}") = "ExampleString3", "ExampleString3.csproj", "{2430E625-1261-4A8C-B675-122787606E4D}"
EndProject
Global
	GlobalSection(SolutionConfigurationPlatforms) = preSolution
		Debug|Any CPU = Debug|Any CPU
		Release|Any CPU = Release|Any CPU
	EndGlobalSection
	GlobalSection(ProjectConfigurationPlatforms) = postSolution
		{2430E625-1261-4A8C-B675-122787606E4D}.Debug|Any CPU.ActiveCfg = Debug|Any CPU
		{2430E625-1261-4A8C-B675-122787606E4D}.Debug|Any CPU.Build.0 = Debug|Any CPU
		{2430E625-1261-4A8C-B675-122787606E4D}.Release|Any CPU.ActiveCfg = Release|Any CPU
		{2430E625-1261-4A8C-B675-122787606E4D}.Release|Any CPU.Build.0 = Release|Any CPU
	EndGlobalSection
	GlobalSection(SolutionProperties) = preSolution
		HideSolutionNode = FALSE
	EndGlobalSection
	GlobalSection(ExtensibilityGlobals) = postSolution
		SolutionGuid = {CAEF5DB4-2BE3-4EE5-8D1E-54390CE9BAC1}
	EndGlobalSection
EndGlobal
