
Microsoft Visual Studio Solution File, Format Version 12.00
# Visual Studio Version 17
VisualStudioVersion = 17.14.36221.1 d17.14
MinimumVisualStudioVersion = 10.0.40219.1
Project("{FAE04EC0-301F-11D3-BF4B-00C04F79EFBC}") = "ExampleString1", "ExampleString1.csproj", "{10DE18FD-56D5-43AB-833B-24D01364CF04}"
EndProject
Global
	GlobalSection(SolutionConfigurationPlatforms) = preSolution
		Debug|Any CPU = Debug|Any CPU
		Release|Any CPU = Release|Any CPU
	EndGlobalSection
	GlobalSection(ProjectConfigurationPlatforms) = postSolution
		{10DE18FD-56D5-43AB-833B-24D01364CF04}.Debug|Any CPU.ActiveCfg = Debug|Any CPU
		{10DE18FD-56D5-43AB-833B-24D01364CF04}.Debug|Any CPU.Build.0 = Debug|Any CPU
		{10DE18FD-56D5-43AB-833B-24D01364CF04}.Release|Any CPU.ActiveCfg = Release|Any CPU
		{10DE18FD-56D5-43AB-833B-24D01364CF04}.Release|Any CPU.Build.0 = Release|Any CPU
	EndGlobalSection
	GlobalSection(SolutionProperties) = preSolution
		HideSolutionNode = FALSE
	EndGlobalSection
	GlobalSection(ExtensibilityGlobals) = postSolution
		SolutionGuid = {0B598671-A149-4229-B924-858CEB556788}
	EndGlobalSection
EndGlobal
